
Microsoft Visual Studio Solution File, Format Version 12.00
# Visual Studio Version 17
VisualStudioVersion = 17.13.35919.96
MinimumVisualStudioVersion = 10.0.40219.1
Project("{FAE04EC0-301F-11D3-BF4B-00C04F79EFBC}") = "EmployeePOC", "EmployeePOC\EmployeePOC.csproj", "{F919E6E0-1D3E-4BC1-B7A5-1C8B7B1FA7D4}"
EndProject
Project("{FAE04EC0-301F-11D3-BF4B-00C04F79EFBC}") = "APITest", "APITest\APITest.csproj", "{5BA0B294-1B4E-4E96-BB6F-F24CD18BE480}"
EndProject
Global
	GlobalSection(SolutionConfigurationPlatforms) = preSolution
		Debug|Any CPU = Debug|Any CPU
		Release|Any CPU = Release|Any CPU
	EndGlobalSection
	GlobalSection(ProjectConfigurationPlatforms) = postSolution
		{F919E6E0-1D3E-4BC1-B7A5-1C8B7B1FA7D4}.Debug|Any CPU.ActiveCfg = Debug|Any CPU
		{F919E6E0-1D3E-4BC1-B7A5-1C8B7B1FA7D4}.Debug|Any CPU.Build.0 = Debug|Any CPU
		{F919E6E0-1D3E-4BC1-B7A5-1C8B7B1FA7D4}.Release|Any CPU.ActiveCfg = Release|Any CPU
		{F919E6E0-1D3E-4BC1-B7A5-1C8B7B1FA7D4}.Release|Any CPU.Build.0 = Release|Any CPU
		{5BA0B294-1B4E-4E96-BB6F-F24CD18BE480}.Debug|Any CPU.ActiveCfg = Debug|Any CPU
		{5BA0B294-1B4E-4E96-BB6F-F24CD18BE480}.Debug|Any CPU.Build.0 = Debug|Any CPU
		{5BA0B294-1B4E-4E96-BB6F-F24CD18BE480}.Release|Any CPU.ActiveCfg = Release|Any CPU
		{5BA0B294-1B4E-4E96-BB6F-F24CD18BE480}.Release|Any CPU.Build.0 = Release|Any CPU
	EndGlobalSection
	GlobalSection(SolutionProperties) = preSolution
		HideSolutionNode = FALSE
	EndGlobalSection
	GlobalSection(ExtensibilityGlobals) = postSolution
		SolutionGuid = {5956DBC2-364D-4908-9C80-DEE594011A6F}
	EndGlobalSection
EndGlobal
